{
	"name": "utils",
	"version": "1.0.0",
	"lockfileVersion": 3,
	"requires": true,
	"packages": {
		"": {
			"name": "utils",
			"version": "1.0.0",
			"license": "ISC",
			"dependencies": {
				"async-validator": "^4.2.5"
			}
		},
		"node_modules/async-validator": {
			"version": "4.2.5",
			"resolved": "https://registry.npmjs.org/async-validator/-/async-validator-4.2.5.tgz",
			"integrity": "sha512-7HhHjtERjqlNbZtqNqy2rckN/SpOOlmDliet+lP7k+eKZEjPk3DgyeU9lIXLdeLz0uBbbVp+9Qdow9wJWgwwfg=="
		}
	}
}
